# lwpt.lock - generated by lwpt; do not edit by hand.
version = 4

[package.cli]
source = "workspace:auto"
resolvedRef = ""
resolvedCommit = ""
sourceIdentity = "local|packages/cli/"
constraintFingerprint = "sha256:ebe789efbbee1de9efe362ed426d9b22acb99c6336bdf8368db8cac56ac86ebb"
resolvedURL = ""
computedHash = "sha256-tree2:196618090f4c1edb99d26d1b53724d14a87f9d0ddade0532ad0b404e5c191059"
archiveHash = ""

[package.httpclient]
source = "workspace:auto"
resolvedRef = ""
resolvedCommit = ""
sourceIdentity = "local|packages/httpclient/"
constraintFingerprint = "sha256:5a56a5d7afa211636d2b842b66c70e40640d0427ecd50f2a338a920ee46a9028"
resolvedURL = ""
computedHash = "sha256-tree2:db97cfa0bc85b0548f3fd7743b38b0ada2f86bba248e2f6600fc37c1c19b5823"
archiveHash = ""

[package.semver]
source = "workspace:auto"
resolvedRef = ""
resolvedCommit = ""
sourceIdentity = "local|packages/semver/"
constraintFingerprint = "sha256:bc48b0d69aa6bbd0bc28dcb403249829847dd2e2fd5c436c23966dd36b1d5c94"
resolvedURL = ""
computedHash = "sha256-tree2:5d4b9d507be928fe0843d780b9f2063f535b25b1dff73553094708105eac55e7"
archiveHash = ""

[package.testing]
source = "workspace:auto"
resolvedRef = ""
resolvedCommit = ""
sourceIdentity = "local|packages/testing/"
constraintFingerprint = "sha256:2adf1524a6a74e1de84d2c4edccf481f22d762189476c6063cfc6da5341959e9"
resolvedURL = ""
computedHash = "sha256-tree2:50636f32807857ab61b1daae7605168f10a7dc927db025ed9621a94df56a2afc"
archiveHash = ""

[package.toml]
source = "workspace:auto"
resolvedRef = ""
resolvedCommit = ""
sourceIdentity = "local|packages/toml/"
constraintFingerprint = "sha256:c6c12673077e8802bf4629cf7b2e99b391caa1c5470b5dfe5847296da8040e76"
resolvedURL = ""
computedHash = "sha256-tree2:7b6d65eda3474fe7e8aecef28e3c0d502615a18afa0ce5abc8f5951a10b2da0e"
archiveHash = ""
