# lwpt.lock - generated by lwpt; do not edit by hand.
version = 3

[package.cli]
source = "workspace:auto"
resolvedRef = ""
resolvedURL = ""
computedHash = "sha256:ee0c10ddb75e1510b5b807822c5f828bd59fd2087496253a75324ab47557bdc9"
archiveHash = ""

[package.httpclient]
source = "workspace:auto"
resolvedRef = ""
resolvedURL = ""
computedHash = "sha256:c604b83be67c67d92ec3ccab95a5913b7433db4e5bdb4a3fedbe55fe16c864fb"
archiveHash = ""

[package.semver]
source = "workspace:auto"
resolvedRef = ""
resolvedURL = ""
computedHash = "sha256:79165ea106001cd802e6034d6184dd040639186ee92b08db5b368cf8f98497b7"
archiveHash = ""

[package.testing]
source = "workspace:auto"
resolvedRef = ""
resolvedURL = ""
computedHash = "sha256:976be2ecd2f4a5b67dbc3030b747c39a9edc2a1040d4430816e1a8cbbc0b2d70"
archiveHash = ""

[package.toml]
source = "workspace:auto"
resolvedRef = ""
resolvedURL = ""
computedHash = "sha256:55fa81614de5d62cf9303d46fa9b5c0ac67fe8c925ace116757795757ea22b49"
archiveHash = ""
