# lwpt.lock - generated by lwpt; do not edit by hand.
version = 3

[package.cli]
source = "workspace:auto"
resolvedRef = ""
resolvedCommit = ""
sourceIdentity = "local|packages/cli/"
constraintFingerprint = "sha256:ebe789efbbee1de9efe362ed426d9b22acb99c6336bdf8368db8cac56ac86ebb"
resolvedURL = ""
computedHash = "sha256:5fb468ab3d12474c300fa80dbddda550a7eb03b656e6874507fb257e5f5d3123"
archiveHash = ""

[package.httpclient]
source = "workspace:auto"
resolvedRef = ""
resolvedCommit = ""
sourceIdentity = "local|packages/httpclient/"
constraintFingerprint = "sha256:5a56a5d7afa211636d2b842b66c70e40640d0427ecd50f2a338a920ee46a9028"
resolvedURL = ""
computedHash = "sha256:2a7dab0972e533320336e145f17fad941b0d5c0b24918d21315dfec3b1022b90"
archiveHash = ""

[package.semver]
source = "workspace:auto"
resolvedRef = ""
resolvedCommit = ""
sourceIdentity = "local|packages/semver/"
constraintFingerprint = "sha256:bc48b0d69aa6bbd0bc28dcb403249829847dd2e2fd5c436c23966dd36b1d5c94"
resolvedURL = ""
computedHash = "sha256:e556d981ab31aca121468e71ab5997c1cfc478c33bd43a931735d463fe0b800e"
archiveHash = ""

[package.testing]
source = "workspace:auto"
resolvedRef = ""
resolvedCommit = ""
sourceIdentity = "local|packages/testing/"
constraintFingerprint = "sha256:2adf1524a6a74e1de84d2c4edccf481f22d762189476c6063cfc6da5341959e9"
resolvedURL = ""
computedHash = "sha256:12d0b186badc6670b6dcb2fc9f184e9a14f97c63afecfbb7cf243d1a6a2fc904"
archiveHash = ""

[package.toml]
source = "workspace:auto"
resolvedRef = ""
resolvedCommit = ""
sourceIdentity = "local|packages/toml/"
constraintFingerprint = "sha256:c6c12673077e8802bf4629cf7b2e99b391caa1c5470b5dfe5847296da8040e76"
resolvedURL = ""
computedHash = "sha256:c8c54d194481bc6ecde366d864cb9175c4fb5b1be73263d3dc725cc412640457"
archiveHash = ""
